
Microsoft Visual Studio Solution File, Format Version 12.00
# Visual Studio Version 17
VisualStudioVersion = 17.14.36623.8 d17.14
MinimumVisualStudioVersion = 10.0.40219.1
Project("{8BC9CEB8-8B4A-11D0-8D11-00A0C91BC942}") = "Lab3Priprema", "Lab3Priprema\Lab3Priprema.vcxproj", "{803CEB9A-D9DA-80CE-42A4-1CBF1067DA19}"
EndProject
Global
	GlobalSection(SolutionConfigurationPlatforms) = preSolution
		Debug|x64 = Debug|x64
		Debug|x86 = Debug|x86
		Release|x64 = Release|x64
		Release|x86 = Release|x86
	EndGlobalSection
	GlobalSection(ProjectConfigurationPlatforms) = postSolution
		{803CEB9A-D9DA-80CE-42A4-1CBF1067DA19}.Debug|x64.ActiveCfg = Debug|x64
		{803CEB9A-D9DA-80CE-42A4-1CBF1067DA19}.Debug|x64.Build.0 = Debug|x64
		{803CEB9A-D9DA-80CE-42A4-1CBF1067DA19}.Debug|x86.ActiveCfg = Debug|Win32
		{803CEB9A-D9DA-80CE-42A4-1CBF1067DA19}.Debug|x86.Build.0 = Debug|Win32
		{803CEB9A-D9DA-80CE-42A4-1CBF1067DA19}.Release|x64.ActiveCfg = Release|x64
		{803CEB9A-D9DA-80CE-42A4-1CBF1067DA19}.Release|x64.Build.0 = Release|x64
		{803CEB9A-D9DA-80CE-42A4-1CBF1067DA19}.Release|x86.ActiveCfg = Release|Win32
		{803CEB9A-D9DA-80CE-42A4-1CBF1067DA19}.Release|x86.Build.0 = Release|Win32
	EndGlobalSection
	GlobalSection(SolutionProperties) = preSolution
		HideSolutionNode = FALSE
	EndGlobalSection
	GlobalSection(ExtensibilityGlobals) = postSolution
		SolutionGuid = {E4965353-E80E-44BD-9DCE-F69D70077DEE}
	EndGlobalSection
EndGlobal
